
Microsoft Visual Studio Solution File, Format Version 12.00
# Visual Studio Version 16
VisualStudioVersion = 16.0.30621.155
MinimumVisualStudioVersion = 10.0.40219.1
Project("{FAE04EC0-301F-11D3-BF4B-00C04F79EFBC}") = "UK Electronic Democracy", "UK Electronic Democracy.csproj", "{BC32F76B-AC4B-4056-BE47-9580C8BB2C04}"
EndProject
Global
	GlobalSection(SolutionConfigurationPlatforms) = preSolution
		Debug|Any CPU = Debug|Any CPU
		Release|Any CPU = Release|Any CPU
	EndGlobalSection
	GlobalSection(ProjectConfigurationPlatforms) = postSolution
		{BC32F76B-AC4B-4056-BE47-9580C8BB2C04}.Debug|Any CPU.ActiveCfg = Debug|Any CPU
		{BC32F76B-AC4B-4056-BE47-9580C8BB2C04}.Debug|Any CPU.Build.0 = Debug|Any CPU
		{BC32F76B-AC4B-4056-BE47-9580C8BB2C04}.Release|Any CPU.ActiveCfg = Release|Any CPU
		{BC32F76B-AC4B-4056-BE47-9580C8BB2C04}.Release|Any CPU.Build.0 = Release|Any CPU
	EndGlobalSection
	GlobalSection(SolutionProperties) = preSolution
		HideSolutionNode = FALSE
	EndGlobalSection
	GlobalSection(ExtensibilityGlobals) = postSolution
		SolutionGuid = {7E2D7865-B56E-48E6-97B7-A48C4E1071E3}
	EndGlobalSection
EndGlobal
