
Microsoft Visual Studio Solution File, Format Version 12.00
# Visual Studio Version 16
VisualStudioVersion = 16.0.30621.155
MinimumVisualStudioVersion = 10.0.40219.1
Project("{FAE04EC0-301F-11D3-BF4B-00C04F79EFBC}") = "UK Electronic Democracy", "UK Electronic Democracy.csproj", "{EB46B106-65C5-46A7-BCDB-B3DC60B52B6B}"
EndProject
Global
	GlobalSection(SolutionConfigurationPlatforms) = preSolution
		Debug|Any CPU = Debug|Any CPU
		Release|Any CPU = Release|Any CPU
	EndGlobalSection
	GlobalSection(ProjectConfigurationPlatforms) = postSolution
		{EB46B106-65C5-46A7-BCDB-B3DC60B52B6B}.Debug|Any CPU.ActiveCfg = Debug|Any CPU
		{EB46B106-65C5-46A7-BCDB-B3DC60B52B6B}.Debug|Any CPU.Build.0 = Debug|Any CPU
		{EB46B106-65C5-46A7-BCDB-B3DC60B52B6B}.Release|Any CPU.ActiveCfg = Release|Any CPU
		{EB46B106-65C5-46A7-BCDB-B3DC60B52B6B}.Release|Any CPU.Build.0 = Release|Any CPU
	EndGlobalSection
	GlobalSection(SolutionProperties) = preSolution
		HideSolutionNode = FALSE
	EndGlobalSection
	GlobalSection(ExtensibilityGlobals) = postSolution
		SolutionGuid = {58E89181-FD85-4AA8-B278-D4C289203744}
	EndGlobalSection
EndGlobal
